{
  "requires": true,
  "lockfileVersion": 1,
  "dependencies": {
    "driver.js": {
      "version": "0.9.8",
      "resolved": "https://registry.npmjs.org/driver.js/-/driver.js-0.9.8.tgz",
      "integrity": "sha512-bczjyKdX6XmFyCDkwtRmlaORDwfBk1xXmRO0CAe5VwNQTM98aWaG2LAIiIdTe53iV/B7W5lXlIy2xYtf0JRb7Q=="
    }
  }
}
